
Microsoft Visual Studio Solution File, Format Version 12.00
# Visual Studio Version 17
VisualStudioVersion = 17.8.34511.84
MinimumVisualStudioVersion = 10.0.40219.1
Project("{FAE04EC0-301F-11D3-BF4B-00C04F79EFBC}") = "lks", "lks.csproj", "{61D44C94-A6A8-4309-940B-B8BE2EE3E576}"
EndProject
Global
	GlobalSection(SolutionConfigurationPlatforms) = preSolution
		Debug|Any CPU = Debug|Any CPU
		Release|Any CPU = Release|Any CPU
	EndGlobalSection
	GlobalSection(ProjectConfigurationPlatforms) = postSolution
		{61D44C94-A6A8-4309-940B-B8BE2EE3E576}.Debug|Any CPU.ActiveCfg = Debug|Any CPU
		{61D44C94-A6A8-4309-940B-B8BE2EE3E576}.Debug|Any CPU.Build.0 = Debug|Any CPU
		{61D44C94-A6A8-4309-940B-B8BE2EE3E576}.Release|Any CPU.ActiveCfg = Release|Any CPU
		{61D44C94-A6A8-4309-940B-B8BE2EE3E576}.Release|Any CPU.Build.0 = Release|Any CPU
	EndGlobalSection
	GlobalSection(SolutionProperties) = preSolution
		HideSolutionNode = FALSE
	EndGlobalSection
	GlobalSection(ExtensibilityGlobals) = postSolution
		SolutionGuid = {95BF50C2-8E33-4F68-A148-F46E3157697C}
	EndGlobalSection
EndGlobal
